
Microsoft Visual Studio Solution File, Format Version 12.00
# Visual Studio Version 17
VisualStudioVersion = 17.0.31903.59
MinimumVisualStudioVersion = 10.0.40219.1
Project("{FAE04EC0-301F-11D3-BF4B-00C04F79EFBC}") = "AuthPoC.WebService", "AuthPoC.WebService\AuthPoC.WebService.csproj", "{6F6E5C7D-C8FF-4FE0-BD66-240EC1FE5457}"
EndProject
Project("{FAE04EC0-301F-11D3-BF4B-00C04F79EFBC}") = "AuthPoC.IdentityServer", "AuthPoC.IdentityServer\AuthPoC.IdentityServer.csproj", "{028B8633-8699-4645-B446-935B39375821}"
EndProject
Global
	GlobalSection(SolutionConfigurationPlatforms) = preSolution
		Debug|Any CPU = Debug|Any CPU
		Release|Any CPU = Release|Any CPU
	EndGlobalSection
	GlobalSection(SolutionProperties) = preSolution
		HideSolutionNode = FALSE
	EndGlobalSection
	GlobalSection(ProjectConfigurationPlatforms) = postSolution
		{6F6E5C7D-C8FF-4FE0-BD66-240EC1FE5457}.Debug|Any CPU.ActiveCfg = Debug|Any CPU
		{6F6E5C7D-C8FF-4FE0-BD66-240EC1FE5457}.Debug|Any CPU.Build.0 = Debug|Any CPU
		{6F6E5C7D-C8FF-4FE0-BD66-240EC1FE5457}.Release|Any CPU.ActiveCfg = Release|Any CPU
		{6F6E5C7D-C8FF-4FE0-BD66-240EC1FE5457}.Release|Any CPU.Build.0 = Release|Any CPU
		{028B8633-8699-4645-B446-935B39375821}.Debug|Any CPU.ActiveCfg = Debug|Any CPU
		{028B8633-8699-4645-B446-935B39375821}.Debug|Any CPU.Build.0 = Debug|Any CPU
		{028B8633-8699-4645-B446-935B39375821}.Release|Any CPU.ActiveCfg = Release|Any CPU
		{028B8633-8699-4645-B446-935B39375821}.Release|Any CPU.Build.0 = Release|Any CPU
	EndGlobalSection
EndGlobal
